
Microsoft Visual Studio Solution File, Format Version 12.00
# Visual Studio 15
VisualStudioVersion = 15.0.27703.2047
MinimumVisualStudioVersion = 10.0.40219.1
Project("{FAE04EC0-301F-11D3-BF4B-00C04F79EFBC}") = "OOPProject", "OOPProject\OOPProject.csproj", "{9C01E4D8-9CA9-4A8A-895F-B673A8995C0C}"
EndProject
Global
	GlobalSection(SolutionConfigurationPlatforms) = preSolution
		Debug|Any CPU = Debug|Any CPU
		Release|Any CPU = Release|Any CPU
	EndGlobalSection
	GlobalSection(ProjectConfigurationPlatforms) = postSolution
		{9C01E4D8-9CA9-4A8A-895F-B673A8995C0C}.Debug|Any CPU.ActiveCfg = Debug|Any CPU
		{9C01E4D8-9CA9-4A8A-895F-B673A8995C0C}.Debug|Any CPU.Build.0 = Debug|Any CPU
		{9C01E4D8-9CA9-4A8A-895F-B673A8995C0C}.Release|Any CPU.ActiveCfg = Release|Any CPU
		{9C01E4D8-9CA9-4A8A-895F-B673A8995C0C}.Release|Any CPU.Build.0 = Release|Any CPU
	EndGlobalSection
	GlobalSection(SolutionProperties) = preSolution
		HideSolutionNode = FALSE
	EndGlobalSection
	GlobalSection(ExtensibilityGlobals) = postSolution
		SolutionGuid = {8D38F881-AB70-4487-93F5-0E9F1F1588C9}
	EndGlobalSection
EndGlobal
